{
	"name": "lsp-sample-server",
	"version": "1.0.0",
	"lockfileVersion": 2,
	"requires": true,
	"packages": {
		"": {
			"name": "lsp-sample-server",
			"version": "1.0.0",
			"license": "MIT",
			"dependencies": {
				"@types/underscore": "^1.11.3",
				"async": "^3.2.0",
				"magic-string": "^0.25.7",
				"underscore": "^1.13.1",
				"vscode-languageserver": "^7.0.0",
				"vscode-languageserver-textdocument": "^1.0.1",
				"vscode-uri": "^3.0.2",
				"wink-pos-tagger": "^2.2.2"
			},
			"devDependencies": {
				"@types/async": "^3.2.7",
				"antlr4ts": "^0.5.0-alpha.4",
				"antlr4ts-cli": "^0.5.0-alpha.4"
			},
			"engines": {
				"node": "*"
			}
		},
		"node_modules/@types/async": {
			"version": "3.2.7",
			"resolved": "https://registry.npmjs.org/@types/async/-/async-3.2.7.tgz",
			"integrity": "sha512-a+MBBfOTs3ShFMlbH9qsRVFkjIUunEtxrBT0gxRx1cntjKRg2WApuGmNYzHkwKaIhMi3SMbKktaD/rLObQMwIw==",
			"dev": true
		},
		"node_modules/@types/underscore": {
			"version": "1.11.3",
			"resolved": "https://registry.npmjs.org/@types/underscore/-/underscore-1.11.3.tgz",
			"integrity": "sha512-Fl1TX1dapfXyDqFg2ic9M+vlXRktcPJrc4PR7sRc7sdVrjavg/JHlbUXBt8qWWqhJrmSqg3RNAkAPRiOYw6Ahw=="
		},
		"node_modules/antlr4ts": {
			"version": "0.5.0-alpha.4",
			"resolved": "https://registry.npmjs.org/antlr4ts/-/antlr4ts-0.5.0-alpha.4.tgz",
			"integrity": "sha512-WPQDt1B74OfPv/IMS2ekXAKkTZIHl88uMetg6q3OTqgFxZ/dxDXI0EWLyZid/1Pe6hTftyg5N7gel5wNAGxXyQ==",
			"dev": true
		},
		"node_modules/antlr4ts-cli": {
			"version": "0.5.0-alpha.4",
			"resolved": "https://registry.npmjs.org/antlr4ts-cli/-/antlr4ts-cli-0.5.0-alpha.4.tgz",
			"integrity": "sha512-lVPVBTA2CVHRYILSKilL6Jd4hAumhSZZWA7UbQNQrmaSSj7dPmmYaN4bOmZG79cOy0lS00i4LY68JZZjZMWVrw==",
			"dev": true,
			"bin": {
				"antlr4ts": "antlr4ts"
			}
		},
		"node_modules/async": {
			"version": "3.2.0",
			"resolved": "https://registry.npmjs.org/async/-/async-3.2.0.tgz",
			"integrity": "sha512-TR2mEZFVOj2pLStYxLht7TyfuRzaydfpxr3k9RpHIzMgw7A64dzsdqCxH1WJyQdoe8T10nDXd9wnEigmiuHIZw=="
		},
		"node_modules/emoji-regex": {
			"version": "9.2.2",
			"resolved": "https://registry.npmjs.org/emoji-regex/-/emoji-regex-9.2.2.tgz",
			"integrity": "sha512-L18DaJsXSUk2+42pv8mLs5jJT2hqFkFE4j21wOmgbUqsZ2hL72NsUU785g9RXgo3s0ZNgVl42TiHp3ZtOv/Vyg=="
		},
		"node_modules/magic-string": {
			"version": "0.25.7",
			"resolved": "https://registry.npmjs.org/magic-string/-/magic-string-0.25.7.tgz",
			"integrity": "sha512-4CrMT5DOHTDk4HYDlzmwu4FVCcIYI8gauveasrdCu2IKIFOJ3f0v/8MDGJCDL9oD2ppz/Av1b0Nj345H9M+XIA==",
			"dependencies": {
				"sourcemap-codec": "^1.4.4"
			}
		},
		"node_modules/sourcemap-codec": {
			"version": "1.4.8",
			"resolved": "https://registry.npmjs.org/sourcemap-codec/-/sourcemap-codec-1.4.8.tgz",
			"integrity": "sha512-9NykojV5Uih4lgo5So5dtw+f0JgJX30KCNI8gwhz2J9A15wD0Ml6tjHKwf6fTSa6fAdVBdZeNOs9eJ71qCk8vA=="
		},
		"node_modules/underscore": {
			"version": "1.13.1",
			"resolved": "https://registry.npmjs.org/underscore/-/underscore-1.13.1.tgz",
			"integrity": "sha512-hzSoAVtJF+3ZtiFX0VgfFPHEDRm7Y/QPjGyNo4TVdnDTdft3tr8hEkD25a1jC+TjTuE7tkHGKkhwCgs9dgBB2g=="
		},
		"node_modules/vscode-jsonrpc": {
			"version": "6.0.0",
			"resolved": "https://registry.npmjs.org/vscode-jsonrpc/-/vscode-jsonrpc-6.0.0.tgz",
			"integrity": "sha512-wnJA4BnEjOSyFMvjZdpiOwhSq9uDoK8e/kpRJDTaMYzwlkrhG1fwDIZI94CLsLzlCK5cIbMMtFlJlfR57Lavmg==",
			"engines": {
				"node": ">=8.0.0 || >=10.0.0"
			}
		},
		"node_modules/vscode-languageserver": {
			"version": "7.0.0",
			"resolved": "https://registry.npmjs.org/vscode-languageserver/-/vscode-languageserver-7.0.0.tgz",
			"integrity": "sha512-60HTx5ID+fLRcgdHfmz0LDZAXYEV68fzwG0JWwEPBode9NuMYTIxuYXPg4ngO8i8+Ou0lM7y6GzaYWbiDL0drw==",
			"dependencies": {
				"vscode-languageserver-protocol": "3.16.0"
			},
			"bin": {
				"installServerIntoExtension": "bin/installServerIntoExtension"
			}
		},
		"node_modules/vscode-languageserver-protocol": {
			"version": "3.16.0",
			"resolved": "https://registry.npmjs.org/vscode-languageserver-protocol/-/vscode-languageserver-protocol-3.16.0.tgz",
			"integrity": "sha512-sdeUoAawceQdgIfTI+sdcwkiK2KU+2cbEYA0agzM2uqaUy2UpnnGHtWTHVEtS0ES4zHU0eMFRGN+oQgDxlD66A==",
			"dependencies": {
				"vscode-jsonrpc": "6.0.0",
				"vscode-languageserver-types": "3.16.0"
			}
		},
		"node_modules/vscode-languageserver-textdocument": {
			"version": "1.0.1",
			"resolved": "https://registry.npmjs.org/vscode-languageserver-textdocument/-/vscode-languageserver-textdocument-1.0.1.tgz",
			"integrity": "sha512-UIcJDjX7IFkck7cSkNNyzIz5FyvpQfY7sdzVy+wkKN/BLaD4DQ0ppXQrKePomCxTS7RrolK1I0pey0bG9eh8dA=="
		},
		"node_modules/vscode-languageserver-types": {
			"version": "3.16.0",
			"resolved": "https://registry.npmjs.org/vscode-languageserver-types/-/vscode-languageserver-types-3.16.0.tgz",
			"integrity": "sha512-k8luDIWJWyenLc5ToFQQMaSrqCHiLwyKPHKPQZ5zz21vM+vIVUSvsRpcbiECH4WR88K2XZqc4ScRcZ7nk/jbeA=="
		},
		"node_modules/vscode-uri": {
			"version": "3.0.2",
			"resolved": "https://registry.npmjs.org/vscode-uri/-/vscode-uri-3.0.2.tgz",
			"integrity": "sha512-jkjy6pjU1fxUvI51P+gCsxg1u2n8LSt0W6KrCNQceaziKzff74GoWmjVG46KieVzybO1sttPQmYfrwSHey7GUA=="
		},
		"node_modules/wink-helpers": {
			"version": "2.0.0",
			"resolved": "https://registry.npmjs.org/wink-helpers/-/wink-helpers-2.0.0.tgz",
			"integrity": "sha512-I/ZzXrHcNRXuoeFJmp2vMVqDI6UCK02Tds1WP4kSGAmx520gjL1BObVzF7d2ps24tyHIly9ngdB2jwhlFUjPvg=="
		},
		"node_modules/wink-lemmatizer": {
			"version": "3.0.2",
			"resolved": "https://registry.npmjs.org/wink-lemmatizer/-/wink-lemmatizer-3.0.2.tgz",
			"integrity": "sha512-0G572wdcujnRfpjSKs2lDXjA2+8APzkQu+gsREzzOjqg39C1ACE912veMwx2onlbYfUifsZRVaLZUOXjsHFVzA==",
			"dependencies": {
				"wink-lexicon": "^2.1.2",
				"wink-porter2-stemmer": "^2.0.0"
			}
		},
		"node_modules/wink-lexicon": {
			"version": "2.1.2",
			"resolved": "https://registry.npmjs.org/wink-lexicon/-/wink-lexicon-2.1.2.tgz",
			"integrity": "sha512-LUIVIKNIURMHN38leZXWP+ZE0b1jWUdGDHfgV6kmPSHy2AqwHS/n8xGADRsfJxJamLb6BwQY713/w2XnWYk/HQ=="
		},
		"node_modules/wink-porter2-stemmer": {
			"version": "2.0.1",
			"resolved": "https://registry.npmjs.org/wink-porter2-stemmer/-/wink-porter2-stemmer-2.0.1.tgz",
			"integrity": "sha512-0g+RkkqhRXFmSpJQStVXW5N/WsshWpJXsoDRW7DwVkGI2uDT6IBCoq3xdH5p6IHLaC6ygk7RWUsUx4alKxoagQ=="
		},
		"node_modules/wink-pos-tagger": {
			"version": "2.2.2",
			"resolved": "https://registry.npmjs.org/wink-pos-tagger/-/wink-pos-tagger-2.2.2.tgz",
			"integrity": "sha512-+bhkwqwwChqWR75ksFKVJZQagwu404UmnvFjxr+OWZ02/ZJAv19N/iqDpMeYRQRxatk5N+W9pXIKEDJsVrzGyw==",
			"dependencies": {
				"wink-helpers": "^2.0.0",
				"wink-lemmatizer": "^3.0.1",
				"wink-lexicon": "^2.1.1",
				"wink-porter2-stemmer": "^2.0.0",
				"wink-tokenizer": "^5.2.1"
			}
		},
		"node_modules/wink-tokenizer": {
			"version": "5.2.3",
			"resolved": "https://registry.npmjs.org/wink-tokenizer/-/wink-tokenizer-5.2.3.tgz",
			"integrity": "sha512-pMvnjcGC9pMToomdB6FfYzv7r/6r+B75Ip4QxvmtGUSO+THq/27y81Q9zdOhQSl14TJidjtSn0pZIw4+OKkiSg==",
			"dependencies": {
				"emoji-regex": "^9.0.0"
			}
		}
	},
	"dependencies": {
		"@types/async": {
			"version": "3.2.7",
			"resolved": "https://registry.npmjs.org/@types/async/-/async-3.2.7.tgz",
			"integrity": "sha512-a+MBBfOTs3ShFMlbH9qsRVFkjIUunEtxrBT0gxRx1cntjKRg2WApuGmNYzHkwKaIhMi3SMbKktaD/rLObQMwIw==",
			"dev": true
		},
		"@types/underscore": {
			"version": "1.11.3",
			"resolved": "https://registry.npmjs.org/@types/underscore/-/underscore-1.11.3.tgz",
			"integrity": "sha512-Fl1TX1dapfXyDqFg2ic9M+vlXRktcPJrc4PR7sRc7sdVrjavg/JHlbUXBt8qWWqhJrmSqg3RNAkAPRiOYw6Ahw=="
		},
		"antlr4ts": {
			"version": "0.5.0-alpha.4",
			"resolved": "https://registry.npmjs.org/antlr4ts/-/antlr4ts-0.5.0-alpha.4.tgz",
			"integrity": "sha512-WPQDt1B74OfPv/IMS2ekXAKkTZIHl88uMetg6q3OTqgFxZ/dxDXI0EWLyZid/1Pe6hTftyg5N7gel5wNAGxXyQ==",
			"dev": true
		},
		"antlr4ts-cli": {
			"version": "0.5.0-alpha.4",
			"resolved": "https://registry.npmjs.org/antlr4ts-cli/-/antlr4ts-cli-0.5.0-alpha.4.tgz",
			"integrity": "sha512-lVPVBTA2CVHRYILSKilL6Jd4hAumhSZZWA7UbQNQrmaSSj7dPmmYaN4bOmZG79cOy0lS00i4LY68JZZjZMWVrw==",
			"dev": true
		},
		"async": {
			"version": "3.2.0",
			"resolved": "https://registry.npmjs.org/async/-/async-3.2.0.tgz",
			"integrity": "sha512-TR2mEZFVOj2pLStYxLht7TyfuRzaydfpxr3k9RpHIzMgw7A64dzsdqCxH1WJyQdoe8T10nDXd9wnEigmiuHIZw=="
		},
		"emoji-regex": {
			"version": "9.2.2",
			"resolved": "https://registry.npmjs.org/emoji-regex/-/emoji-regex-9.2.2.tgz",
			"integrity": "sha512-L18DaJsXSUk2+42pv8mLs5jJT2hqFkFE4j21wOmgbUqsZ2hL72NsUU785g9RXgo3s0ZNgVl42TiHp3ZtOv/Vyg=="
		},
		"magic-string": {
			"version": "0.25.7",
			"resolved": "https://registry.npmjs.org/magic-string/-/magic-string-0.25.7.tgz",
			"integrity": "sha512-4CrMT5DOHTDk4HYDlzmwu4FVCcIYI8gauveasrdCu2IKIFOJ3f0v/8MDGJCDL9oD2ppz/Av1b0Nj345H9M+XIA==",
			"requires": {
				"sourcemap-codec": "^1.4.4"
			}
		},
		"sourcemap-codec": {
			"version": "1.4.8",
			"resolved": "https://registry.npmjs.org/sourcemap-codec/-/sourcemap-codec-1.4.8.tgz",
			"integrity": "sha512-9NykojV5Uih4lgo5So5dtw+f0JgJX30KCNI8gwhz2J9A15wD0Ml6tjHKwf6fTSa6fAdVBdZeNOs9eJ71qCk8vA=="
		},
		"underscore": {
			"version": "1.13.1",
			"resolved": "https://registry.npmjs.org/underscore/-/underscore-1.13.1.tgz",
			"integrity": "sha512-hzSoAVtJF+3ZtiFX0VgfFPHEDRm7Y/QPjGyNo4TVdnDTdft3tr8hEkD25a1jC+TjTuE7tkHGKkhwCgs9dgBB2g=="
		},
		"vscode-jsonrpc": {
			"version": "6.0.0",
			"resolved": "https://registry.npmjs.org/vscode-jsonrpc/-/vscode-jsonrpc-6.0.0.tgz",
			"integrity": "sha512-wnJA4BnEjOSyFMvjZdpiOwhSq9uDoK8e/kpRJDTaMYzwlkrhG1fwDIZI94CLsLzlCK5cIbMMtFlJlfR57Lavmg=="
		},
		"vscode-languageserver": {
			"version": "7.0.0",
			"resolved": "https://registry.npmjs.org/vscode-languageserver/-/vscode-languageserver-7.0.0.tgz",
			"integrity": "sha512-60HTx5ID+fLRcgdHfmz0LDZAXYEV68fzwG0JWwEPBode9NuMYTIxuYXPg4ngO8i8+Ou0lM7y6GzaYWbiDL0drw==",
			"requires": {
				"vscode-languageserver-protocol": "3.16.0"
			}
		},
		"vscode-languageserver-protocol": {
			"version": "3.16.0",
			"resolved": "https://registry.npmjs.org/vscode-languageserver-protocol/-/vscode-languageserver-protocol-3.16.0.tgz",
			"integrity": "sha512-sdeUoAawceQdgIfTI+sdcwkiK2KU+2cbEYA0agzM2uqaUy2UpnnGHtWTHVEtS0ES4zHU0eMFRGN+oQgDxlD66A==",
			"requires": {
				"vscode-jsonrpc": "6.0.0",
				"vscode-languageserver-types": "3.16.0"
			}
		},
		"vscode-languageserver-textdocument": {
			"version": "1.0.1",
			"resolved": "https://registry.npmjs.org/vscode-languageserver-textdocument/-/vscode-languageserver-textdocument-1.0.1.tgz",
			"integrity": "sha512-UIcJDjX7IFkck7cSkNNyzIz5FyvpQfY7sdzVy+wkKN/BLaD4DQ0ppXQrKePomCxTS7RrolK1I0pey0bG9eh8dA=="
		},
		"vscode-languageserver-types": {
			"version": "3.16.0",
			"resolved": "https://registry.npmjs.org/vscode-languageserver-types/-/vscode-languageserver-types-3.16.0.tgz",
			"integrity": "sha512-k8luDIWJWyenLc5ToFQQMaSrqCHiLwyKPHKPQZ5zz21vM+vIVUSvsRpcbiECH4WR88K2XZqc4ScRcZ7nk/jbeA=="
		},
		"vscode-uri": {
			"version": "3.0.2",
			"resolved": "https://registry.npmjs.org/vscode-uri/-/vscode-uri-3.0.2.tgz",
			"integrity": "sha512-jkjy6pjU1fxUvI51P+gCsxg1u2n8LSt0W6KrCNQceaziKzff74GoWmjVG46KieVzybO1sttPQmYfrwSHey7GUA=="
		},
		"wink-helpers": {
			"version": "2.0.0",
			"resolved": "https://registry.npmjs.org/wink-helpers/-/wink-helpers-2.0.0.tgz",
			"integrity": "sha512-I/ZzXrHcNRXuoeFJmp2vMVqDI6UCK02Tds1WP4kSGAmx520gjL1BObVzF7d2ps24tyHIly9ngdB2jwhlFUjPvg=="
		},
		"wink-lemmatizer": {
			"version": "3.0.2",
			"resolved": "https://registry.npmjs.org/wink-lemmatizer/-/wink-lemmatizer-3.0.2.tgz",
			"integrity": "sha512-0G572wdcujnRfpjSKs2lDXjA2+8APzkQu+gsREzzOjqg39C1ACE912veMwx2onlbYfUifsZRVaLZUOXjsHFVzA==",
			"requires": {
				"wink-lexicon": "^2.1.2",
				"wink-porter2-stemmer": "^2.0.0"
			}
		},
		"wink-lexicon": {
			"version": "2.1.2",
			"resolved": "https://registry.npmjs.org/wink-lexicon/-/wink-lexicon-2.1.2.tgz",
			"integrity": "sha512-LUIVIKNIURMHN38leZXWP+ZE0b1jWUdGDHfgV6kmPSHy2AqwHS/n8xGADRsfJxJamLb6BwQY713/w2XnWYk/HQ=="
		},
		"wink-porter2-stemmer": {
			"version": "2.0.1",
			"resolved": "https://registry.npmjs.org/wink-porter2-stemmer/-/wink-porter2-stemmer-2.0.1.tgz",
			"integrity": "sha512-0g+RkkqhRXFmSpJQStVXW5N/WsshWpJXsoDRW7DwVkGI2uDT6IBCoq3xdH5p6IHLaC6ygk7RWUsUx4alKxoagQ=="
		},
		"wink-pos-tagger": {
			"version": "2.2.2",
			"resolved": "https://registry.npmjs.org/wink-pos-tagger/-/wink-pos-tagger-2.2.2.tgz",
			"integrity": "sha512-+bhkwqwwChqWR75ksFKVJZQagwu404UmnvFjxr+OWZ02/ZJAv19N/iqDpMeYRQRxatk5N+W9pXIKEDJsVrzGyw==",
			"requires": {
				"wink-helpers": "^2.0.0",
				"wink-lemmatizer": "^3.0.1",
				"wink-lexicon": "^2.1.1",
				"wink-porter2-stemmer": "^2.0.0",
				"wink-tokenizer": "^5.2.1"
			}
		},
		"wink-tokenizer": {
			"version": "5.2.3",
			"resolved": "https://registry.npmjs.org/wink-tokenizer/-/wink-tokenizer-5.2.3.tgz",
			"integrity": "sha512-pMvnjcGC9pMToomdB6FfYzv7r/6r+B75Ip4QxvmtGUSO+THq/27y81Q9zdOhQSl14TJidjtSn0pZIw4+OKkiSg==",
			"requires": {
				"emoji-regex": "^9.0.0"
			}
		}
	}
}
